{
  "name": "@juicesharp/rpiv-todo",
  "version": "2.9.0",
  "lockfileVersion": 3,
  "requires": true,
  "packages": {
    "": {
      "name": "@juicesharp/rpiv-todo",
      "version": "2.9.0",
      "license": "MIT",
      "dependencies": {
        "@juicesharp/rpiv-config": "2.9.0"
      },
      "peerDependencies": {
        "@earendil-works/pi-ai": "*",
        "@earendil-works/pi-coding-agent": "*",
        "@earendil-works/pi-tui": "*",
        "@juicesharp/rpiv-i18n": "*",
        "typebox": "*"
      },
      "peerDependenciesMeta": {
        "@juicesharp/rpiv-i18n": {
          "optional": true
        }
      }
    },
    "node_modules/@juicesharp/rpiv-config": {
      "version": "2.9.0",
      "resolved": "https://registry.npmjs.org/@juicesharp/rpiv-config/-/rpiv-config-2.9.0.tgz",
      "integrity": "sha512-/7iFmG40bTsQaOwK5z44ZTAc0V0RI/X+Lr5N3f1rWjkdx1ZsiHBAzMcWO+5kMgjUuQAcyVbDkt19pmriIG2E7A==",
      "license": "MIT",
      "dependencies": {
        "typebox": "^1.1.24"
      }
    },
    "node_modules/typebox": {
      "version": "1.3.28",
      "resolved": "https://registry.npmjs.org/typebox/-/typebox-1.3.28.tgz",
      "integrity": "sha512-5hTNlwzKj7BPPqhT91TPa4fK9bh/ZOei7mzweMpNidwLTxtduXHgr/OAbwx4mRW8aKFYu1I8fT1+0+PQtst1/g==",
      "license": "MIT"
    }
  }
}
